
Microsoft Visual Studio Solution File, Format Version 12.00
# Visual Studio 14
VisualStudioVersion = 14.0.25420.1
MinimumVisualStudioVersion = 10.0.40219.1
Project("{FAE04EC0-301F-11D3-BF4B-00C04F79EFBC}") = "Redis", "Redis\Redis.csproj", "{7251C199-1D68-47E9-AD33-C35808497C5A}"
EndProject
Project("{FAE04EC0-301F-11D3-BF4B-00C04F79EFBC}") = "RedisTests", "RedisTests\RedisTests.csproj", "{62C48015-7764-43E9-A46D-30DC3B0EFF08}"
EndProject
Global
	GlobalSection(SolutionConfigurationPlatforms) = preSolution
		Debug|Any CPU = Debug|Any CPU
		Release|Any CPU = Release|Any CPU
	EndGlobalSection
	GlobalSection(ProjectConfigurationPlatforms) = postSolution
		{7251C199-1D68-47E9-AD33-C35808497C5A}.Debug|Any CPU.ActiveCfg = Debug|Any CPU
		{7251C199-1D68-47E9-AD33-C35808497C5A}.Debug|Any CPU.Build.0 = Debug|Any CPU
		{7251C199-1D68-47E9-AD33-C35808497C5A}.Release|Any CPU.ActiveCfg = Release|Any CPU
		{7251C199-1D68-47E9-AD33-C35808497C5A}.Release|Any CPU.Build.0 = Release|Any CPU
		{62C48015-7764-43E9-A46D-30DC3B0EFF08}.Debug|Any CPU.ActiveCfg = Debug|Any CPU
		{62C48015-7764-43E9-A46D-30DC3B0EFF08}.Debug|Any CPU.Build.0 = Debug|Any CPU
		{62C48015-7764-43E9-A46D-30DC3B0EFF08}.Release|Any CPU.ActiveCfg = Release|Any CPU
		{62C48015-7764-43E9-A46D-30DC3B0EFF08}.Release|Any CPU.Build.0 = Release|Any CPU
	EndGlobalSection
	GlobalSection(SolutionProperties) = preSolution
		HideSolutionNode = FALSE
	EndGlobalSection
EndGlobal
