
Microsoft Visual Studio Solution File, Format Version 12.00
# Visual Studio 14
VisualStudioVersion = 14.0.25420.1
MinimumVisualStudioVersion = 10.0.40219.1
Project("{FAE04EC0-301F-11D3-BF4B-00C04F79EFBC}") = "CodeFirstEF", "CodeFirstEF\CodeFirstEF.csproj", "{4937E558-6C4A-4A14-9710-2A89872EC18F}"
EndProject
Project("{FAE04EC0-301F-11D3-BF4B-00C04F79EFBC}") = "CodeFirstEFTests", "CodeFirstEFTests\CodeFirstEFTests.csproj", "{3CCC4C69-4268-4EE7-ABF4-0ADA7D7ED8EC}"
EndProject
Project("{FAE04EC0-301F-11D3-BF4B-00C04F79EFBC}") = "EntityDataModel", "EntityDataModel\EntityDataModel.csproj", "{EFB7AB64-9AD8-4D69-879B-AAF6E86E2D16}"
EndProject
Project("{FAE04EC0-301F-11D3-BF4B-00C04F79EFBC}") = "WorkingWithData", "WorkingWithData\WorkingWithData.csproj", "{BE166974-6363-4683-B37F-1736B9F3D51F}"
EndProject
Global
	GlobalSection(SolutionConfigurationPlatforms) = preSolution
		Debug|Any CPU = Debug|Any CPU
		Release|Any CPU = Release|Any CPU
	EndGlobalSection
	GlobalSection(ProjectConfigurationPlatforms) = postSolution
		{4937E558-6C4A-4A14-9710-2A89872EC18F}.Debug|Any CPU.ActiveCfg = Debug|Any CPU
		{4937E558-6C4A-4A14-9710-2A89872EC18F}.Debug|Any CPU.Build.0 = Debug|Any CPU
		{4937E558-6C4A-4A14-9710-2A89872EC18F}.Release|Any CPU.ActiveCfg = Release|Any CPU
		{4937E558-6C4A-4A14-9710-2A89872EC18F}.Release|Any CPU.Build.0 = Release|Any CPU
		{3CCC4C69-4268-4EE7-ABF4-0ADA7D7ED8EC}.Debug|Any CPU.ActiveCfg = Debug|Any CPU
		{3CCC4C69-4268-4EE7-ABF4-0ADA7D7ED8EC}.Debug|Any CPU.Build.0 = Debug|Any CPU
		{3CCC4C69-4268-4EE7-ABF4-0ADA7D7ED8EC}.Release|Any CPU.ActiveCfg = Release|Any CPU
		{3CCC4C69-4268-4EE7-ABF4-0ADA7D7ED8EC}.Release|Any CPU.Build.0 = Release|Any CPU
		{EFB7AB64-9AD8-4D69-879B-AAF6E86E2D16}.Debug|Any CPU.ActiveCfg = Debug|Any CPU
		{EFB7AB64-9AD8-4D69-879B-AAF6E86E2D16}.Debug|Any CPU.Build.0 = Debug|Any CPU
		{EFB7AB64-9AD8-4D69-879B-AAF6E86E2D16}.Release|Any CPU.ActiveCfg = Release|Any CPU
		{EFB7AB64-9AD8-4D69-879B-AAF6E86E2D16}.Release|Any CPU.Build.0 = Release|Any CPU
		{BE166974-6363-4683-B37F-1736B9F3D51F}.Debug|Any CPU.ActiveCfg = Debug|Any CPU
		{BE166974-6363-4683-B37F-1736B9F3D51F}.Debug|Any CPU.Build.0 = Debug|Any CPU
		{BE166974-6363-4683-B37F-1736B9F3D51F}.Release|Any CPU.ActiveCfg = Release|Any CPU
		{BE166974-6363-4683-B37F-1736B9F3D51F}.Release|Any CPU.Build.0 = Release|Any CPU
	EndGlobalSection
	GlobalSection(SolutionProperties) = preSolution
		HideSolutionNode = FALSE
	EndGlobalSection
EndGlobal
